
Microsoft Visual Studio Solution File, Format Version 12.00
# Visual Studio Version 16
VisualStudioVersion = 25.0.1706.5
MinimumVisualStudioVersion = 10.0.40219.1
Project("{FAE04EC0-301F-11D3-BF4B-00C04F79EFBC}") = "Menus API", "Menus API\Menus API.csproj", "{5378E701-4832-4279-85DB-BE3144565DF8}"
EndProject
Global
	GlobalSection(SolutionConfigurationPlatforms) = preSolution
		Debug|Any CPU = Debug|Any CPU
		Release|Any CPU = Release|Any CPU
	EndGlobalSection
	GlobalSection(ProjectConfigurationPlatforms) = postSolution
		{5378E701-4832-4279-85DB-BE3144565DF8}.Debug|Any CPU.ActiveCfg = Debug|Any CPU
		{5378E701-4832-4279-85DB-BE3144565DF8}.Debug|Any CPU.Build.0 = Debug|Any CPU
		{5378E701-4832-4279-85DB-BE3144565DF8}.Release|Any CPU.ActiveCfg = Release|Any CPU
		{5378E701-4832-4279-85DB-BE3144565DF8}.Release|Any CPU.Build.0 = Release|Any CPU
	EndGlobalSection
	GlobalSection(SolutionProperties) = preSolution
		HideSolutionNode = FALSE
	EndGlobalSection
	GlobalSection(ExtensibilityGlobals) = postSolution
		SolutionGuid = {B0A0DF99-0B7D-435F-8A6E-D8714DE495FB}
	EndGlobalSection
EndGlobal
